
Microsoft Visual Studio Solution File, Format Version 12.00
# Visual Studio Version 17
VisualStudioVersion = 17.7.34202.233
MinimumVisualStudioVersion = 10.0.40219.1
Project("{FAE04EC0-301F-11D3-BF4B-00C04F79EFBC}") = "cron-parser.console", "src\cron-parser.console\cron-parser.console.csproj", "{7D7D3C07-AE9E-4CA0-A2E6-E727D5A74D00}"
EndProject
Project("{FAE04EC0-301F-11D3-BF4B-00C04F79EFBC}") = "cron-parser.tests", "src\cron-parser.tests\cron-parser.tests.csproj", "{BE22D27D-9885-42ED-B57E-B2C3EB0B2F19}"
EndProject
Global
	GlobalSection(SolutionConfigurationPlatforms) = preSolution
		Debug|Any CPU = Debug|Any CPU
		Release|Any CPU = Release|Any CPU
	EndGlobalSection
	GlobalSection(ProjectConfigurationPlatforms) = postSolution
		{7D7D3C07-AE9E-4CA0-A2E6-E727D5A74D00}.Debug|Any CPU.ActiveCfg = Debug|Any CPU
		{7D7D3C07-AE9E-4CA0-A2E6-E727D5A74D00}.Debug|Any CPU.Build.0 = Debug|Any CPU
		{7D7D3C07-AE9E-4CA0-A2E6-E727D5A74D00}.Release|Any CPU.ActiveCfg = Release|Any CPU
		{7D7D3C07-AE9E-4CA0-A2E6-E727D5A74D00}.Release|Any CPU.Build.0 = Release|Any CPU
		{BE22D27D-9885-42ED-B57E-B2C3EB0B2F19}.Debug|Any CPU.ActiveCfg = Debug|Any CPU
		{BE22D27D-9885-42ED-B57E-B2C3EB0B2F19}.Debug|Any CPU.Build.0 = Debug|Any CPU
		{BE22D27D-9885-42ED-B57E-B2C3EB0B2F19}.Release|Any CPU.ActiveCfg = Release|Any CPU
		{BE22D27D-9885-42ED-B57E-B2C3EB0B2F19}.Release|Any CPU.Build.0 = Release|Any CPU
	EndGlobalSection
	GlobalSection(SolutionProperties) = preSolution
		HideSolutionNode = FALSE
	EndGlobalSection
	GlobalSection(ExtensibilityGlobals) = postSolution
		SolutionGuid = {C5CEAAAF-171E-4B04-A707-FF8A33785C76}
	EndGlobalSection
EndGlobal
